
Microsoft Visual Studio Solution File, Format Version 12.00
# Visual Studio Version 17
VisualStudioVersion = 17.0.31903.59
MinimumVisualStudioVersion = 10.0.40219.1
Project("{2150E333-8FDC-42A3-9474-1A3956D46DE8}") = "src", "src", "{B95A69CF-DC7A-45A4-AF08-9A53DAD0F1E7}"
EndProject
Project("{2150E333-8FDC-42A3-9474-1A3956D46DE8}") = "Framework", "Framework", "{52F0EF42-55C4-48C6-AC4A-3B8AEAADC5E7}"
EndProject
Project("{FAE04EC0-301F-11D3-BF4B-00C04F79EFBC}") = "Micro.API", "src\Framework\Micro.API\Micro.API.csproj", "{8F9952D8-FF3D-4B2C-A74D-5A750B4EAD56}"
EndProject
Project("{FAE04EC0-301F-11D3-BF4B-00C04F79EFBC}") = "Micro.Auth", "src\Framework\Micro.Auth\Micro.Auth.csproj", "{30C9D14A-C452-45B7-A497-133D3491AF57}"
EndProject
Project("{FAE04EC0-301F-11D3-BF4B-00C04F79EFBC}") = "Micro.Security", "src\Framework\Micro.Security\Micro.Security.csproj", "{DBDB88A9-1B09-418E-9E1B-27191A04C2F7}"
EndProject
Project("{FAE04EC0-301F-11D3-BF4B-00C04F79EFBC}") = "Micro", "src\Framework\Micro\Micro.csproj", "{339D5FC0-8B67-4062-A297-3E9E89790D54}"
EndProject
Project("{2150E333-8FDC-42A3-9474-1A3956D46DE8}") = "Services", "Services", "{62493CC9-F0C7-4D21-9AEB-598578020F94}"
EndProject
Project("{2150E333-8FDC-42A3-9474-1A3956D46DE8}") = "Users", "Users", "{E6F40A09-3FBC-4B60-8760-981DF8DAAAC9}"
EndProject
Project("{FAE04EC0-301F-11D3-BF4B-00C04F79EFBC}") = "VideoHub.Services.Users.Core", "src\Services\Users\VideoHub.Services.Users.Core\VideoHub.Services.Users.Core.csproj", "{F7378488-A6B4-43E7-81E9-8BAF71FA1794}"
EndProject
Project("{FAE04EC0-301F-11D3-BF4B-00C04F79EFBC}") = "VideoHub.Services.Users.Api", "src\Services\Users\VideoHub.Services.Users.Api\VideoHub.Services.Users.Api.csproj", "{9D00EEB1-7923-4787-83F0-7A71E9BF9CD5}"
EndProject
Project("{2150E333-8FDC-42A3-9474-1A3956D46DE8}") = "Videos", "Videos", "{2CD246F4-F99B-4F5B-B7CB-E670730BDBBF}"
EndProject
Project("{FAE04EC0-301F-11D3-BF4B-00C04F79EFBC}") = "VideoHub.Services.Videos.Api", "src\Services\Videos\VideoHub.Services.Videos.Api\VideoHub.Services.Videos.Api.csproj", "{985B444E-06D1-4C1D-9597-20B568C88998}"
EndProject
Project("{FAE04EC0-301F-11D3-BF4B-00C04F79EFBC}") = "Micro.DAL.Postgres", "src\Framework\Micro.DAL.Postgres\Micro.DAL.Postgres.csproj", "{D9D0B929-B3BC-4959-987C-7726FCFA12C4}"
EndProject
Project("{FAE04EC0-301F-11D3-BF4B-00C04F79EFBC}") = "Micro.Framework", "src\Framework\Micro.Framework\Micro.Framework.csproj", "{C85B7650-4B95-4EFB-BAF8-C3F6C9C5B0D9}"
EndProject
Project("{FAE04EC0-301F-11D3-BF4B-00C04F79EFBC}") = "Micro.Observability", "src\Framework\Micro.Observability\Micro.Observability.csproj", "{D8F923C8-EDDB-45DF-A76E-5C8B85BCF8C7}"
EndProject
Project("{2150E333-8FDC-42A3-9474-1A3956D46DE8}") = "Channels", "Channels", "{E2F85665-A305-43DC-841E-A86B34DC246E}"
EndProject
Project("{2150E333-8FDC-42A3-9474-1A3956D46DE8}") = "Search", "Search", "{EEE7370B-0ED3-4733-8191-81C44D970194}"
EndProject
Project("{2150E333-8FDC-42A3-9474-1A3956D46DE8}") = "Gateway", "Gateway", "{F2D1EF77-7FCD-442B-81D1-66F72AD79204}"
EndProject
Project("{FAE04EC0-301F-11D3-BF4B-00C04F79EFBC}") = "VideoHub.Services.Channels.Api", "src\Services\Channels\VideoHub.Services.Channels.Api\VideoHub.Services.Channels.Api.csproj", "{71783E5A-917A-4159-8D16-7338D859D804}"
EndProject
Project("{FAE04EC0-301F-11D3-BF4B-00C04F79EFBC}") = "VideoHub.Services.Channels.Core", "src\Services\Channels\VideoHub.Services.Channels.Core\VideoHub.Services.Channels.Core.csproj", "{BA876A1B-3AB6-426F-B651-E144F3BDBD88}"
EndProject
Project("{FAE04EC0-301F-11D3-BF4B-00C04F79EFBC}") = "VideoHub.Services.Search.Api", "src\Services\Search\VideoHub.Services.Search.Api\VideoHub.Services.Search.Api.csproj", "{939448C5-819C-446F-95FD-8FB956C3A312}"
EndProject
Project("{FAE04EC0-301F-11D3-BF4B-00C04F79EFBC}") = "VideoHub.Services.Videos.Core", "src\Services\Videos\VideoHub.Services.Videos.Core\VideoHub.Services.Videos.Core.csproj", "{D5AA660B-51C6-4381-8742-307E25267C5B}"
EndProject
Project("{FAE04EC0-301F-11D3-BF4B-00C04F79EFBC}") = "Micro.Contexts", "src\Framework\Micro.Contexts\Micro.Contexts.csproj", "{C3FDA6CC-318D-4DC8-B36C-82579AE2365F}"
EndProject
Project("{FAE04EC0-301F-11D3-BF4B-00C04F79EFBC}") = "Micro.HTTP", "src\Framework\Micro.HTTP\Micro.HTTP.csproj", "{F7AC318B-EDC1-4684-9C65-8FE0315705A4}"
EndProject
Project("{FAE04EC0-301F-11D3-BF4B-00C04F79EFBC}") = "Micro.Messaging.Azure.ServiceBus", "src\Framework\Micro.Messaging.Azure.ServiceBus\Micro.Messaging.Azure.ServiceBus.csproj", "{15FB58F6-4AC2-45A2-9300-CE48D8EA5FAF}"
EndProject
Project("{FAE04EC0-301F-11D3-BF4B-00C04F79EFBC}") = "Micro.Messaging.RabbitMQ", "src\Framework\Micro.Messaging.RabbitMQ\Micro.Messaging.RabbitMQ.csproj", "{8F588BD5-EDCC-4DE3-9117-2E5C5ECD9A42}"
EndProject
Project("{FAE04EC0-301F-11D3-BF4B-00C04F79EFBC}") = "Micro.Messaging", "src\Framework\Micro.Messaging\Micro.Messaging.csproj", "{9F1812D8-05F0-44AD-9551-560723C30943}"
EndProject
Project("{FAE04EC0-301F-11D3-BF4B-00C04F79EFBC}") = "Micro.Testing", "src\Framework\Micro.Testing\Micro.Testing.csproj", "{13347EF5-B9AC-41F2-B50B-D804D13BC3C5}"
EndProject
Project("{FAE04EC0-301F-11D3-BF4B-00C04F79EFBC}") = "Micro.Transactions", "src\Framework\Micro.Transactions\Micro.Transactions.csproj", "{D72BBBD1-66C6-4208-80A8-3AB8CB28A70B}"
EndProject
Project("{2150E333-8FDC-42A3-9474-1A3956D46DE8}") = "Saga", "Saga", "{B4F3C667-4FA0-4BD7-8B34-8B2B1541F248}"
EndProject
Project("{FAE04EC0-301F-11D3-BF4B-00C04F79EFBC}") = "VideoHub.Saga.Api", "src\Saga\VideoHub.Saga.Api\VideoHub.Saga.Api.csproj", "{A545526E-E6FC-4C42-864C-9CE7923AC6C8}"
EndProject
Project("{FAE04EC0-301F-11D3-BF4B-00C04F79EFBC}") = "VideoHub.Gateway.Api", "src\Gateway\VideoHub.Gateway.Api\VideoHub.Gateway.Api.csproj", "{2DF775D9-0EC5-4D3A-89B9-E92BFF537DDA}"
EndProject
Project("{FAE04EC0-301F-11D3-BF4B-00C04F79EFBC}") = "Micro.DAL.Mongo", "src\Framework\Micro.DAL.Mongo\Micro.DAL.Mongo.csproj", "{9923527A-53AD-4956-A4D7-9331DB5157F1}"
EndProject
Project("{FAE04EC0-301F-11D3-BF4B-00C04F79EFBC}") = "VideoHub.Services.Videos.Infrastructure", "src\Services\Videos\VideoHub.Services.Videos.Infrastructure\VideoHub.Services.Videos.Infrastructure.csproj", "{99489D9C-29CF-4476-9A99-E807A88EA4BC}"
EndProject
Project("{2150E333-8FDC-42A3-9474-1A3956D46DE8}") = "Notifications", "Notifications", "{85C98671-6F45-45E3-927E-C452FD3A710A}"
EndProject
Project("{FAE04EC0-301F-11D3-BF4B-00C04F79EFBC}") = "VideoHub.Services.Notifications.Api", "src\Services\Notifications\VideoHub.Services.Notifications.Api\VideoHub.Services.Notifications.Api.csproj", "{370C3C25-126D-4DB9-A99A-F3579D2F4DE8}"
EndProject
Project("{FAE04EC0-301F-11D3-BF4B-00C04F79EFBC}") = "VideoHub.Services.Videos.Tests.Integration", "src\Services\Videos\VideoHub.Services.Videos.Tests.Integration\VideoHub.Services.Videos.Tests.Integration.csproj", "{AB966F8B-C1D8-49BF-BD9A-E27FF55CA4A1}"
EndProject
Project("{FAE04EC0-301F-11D3-BF4B-00C04F79EFBC}") = "VideoHub.Services.Videos.Tests.EndToEnd", "src\Services\Videos\VideoHub.Services.Videos.Tests.EndToEnd\VideoHub.Services.Videos.Tests.EndToEnd.csproj", "{D072A788-6A89-4DAE-82C4-F5012B3B3ED0}"
EndProject
Project("{FAE04EC0-301F-11D3-BF4B-00C04F79EFBC}") = "VideoHub.Services.Videos.Tests.Contract", "src\Services\Videos\VideoHub.Services.Videos.Tests.Contract\VideoHub.Services.Videos.Tests.Contract.csproj", "{2D332CE8-B6CD-4B4F-9BA7-DCC41BD2F4C9}"
EndProject
Project("{FAE04EC0-301F-11D3-BF4B-00C04F79EFBC}") = "VideoHub.Services.Channels.Tests.Integration", "src\Services\Channels\VideoHub.Services.Channels.Tests.Integration\VideoHub.Services.Channels.Tests.Integration.csproj", "{0FFF2EFA-BBEE-467A-979E-61C1EB1995D1}"
EndProject
Project("{FAE04EC0-301F-11D3-BF4B-00C04F79EFBC}") = "VideoHub.Services.Channels.Tests.EndToEnd", "src\Services\Channels\VideoHub.Services.Channels.Tests.EndToEnd\VideoHub.Services.Channels.Tests.EndToEnd.csproj", "{E66030F9-007A-485B-9BA8-0F2E63F7D4F1}"
EndProject
Project("{FAE04EC0-301F-11D3-BF4B-00C04F79EFBC}") = "VideoHub.Services.Channels.Tests.Contract", "src\Services\Channels\VideoHub.Services.Channels.Tests.Contract\VideoHub.Services.Channels.Tests.Contract.csproj", "{D98379AE-0762-4C25-907C-F8E6F6522C38}"
EndProject
Project("{FAE04EC0-301F-11D3-BF4B-00C04F79EFBC}") = "VideoHub.Services.Users.Tests.Contract", "src\Services\Users\VideoHub.Services.Users.Tests.Contract\VideoHub.Services.Users.Tests.Contract.csproj", "{3060EBBB-DFC6-4445-B51E-DD28CF18D6A9}"
EndProject
Global
	GlobalSection(SolutionConfigurationPlatforms) = preSolution
		Debug|Any CPU = Debug|Any CPU
		Release|Any CPU = Release|Any CPU
	EndGlobalSection
	GlobalSection(SolutionProperties) = preSolution
		HideSolutionNode = FALSE
	EndGlobalSection
	GlobalSection(ProjectConfigurationPlatforms) = postSolution
		{8F9952D8-FF3D-4B2C-A74D-5A750B4EAD56}.Debug|Any CPU.ActiveCfg = Debug|Any CPU
		{8F9952D8-FF3D-4B2C-A74D-5A750B4EAD56}.Debug|Any CPU.Build.0 = Debug|Any CPU
		{8F9952D8-FF3D-4B2C-A74D-5A750B4EAD56}.Release|Any CPU.ActiveCfg = Release|Any CPU
		{8F9952D8-FF3D-4B2C-A74D-5A750B4EAD56}.Release|Any CPU.Build.0 = Release|Any CPU
		{30C9D14A-C452-45B7-A497-133D3491AF57}.Debug|Any CPU.ActiveCfg = Debug|Any CPU
		{30C9D14A-C452-45B7-A497-133D3491AF57}.Debug|Any CPU.Build.0 = Debug|Any CPU
		{30C9D14A-C452-45B7-A497-133D3491AF57}.Release|Any CPU.ActiveCfg = Release|Any CPU
		{30C9D14A-C452-45B7-A497-133D3491AF57}.Release|Any CPU.Build.0 = Release|Any CPU
		{DBDB88A9-1B09-418E-9E1B-27191A04C2F7}.Debug|Any CPU.ActiveCfg = Debug|Any CPU
		{DBDB88A9-1B09-418E-9E1B-27191A04C2F7}.Debug|Any CPU.Build.0 = Debug|Any CPU
		{DBDB88A9-1B09-418E-9E1B-27191A04C2F7}.Release|Any CPU.ActiveCfg = Release|Any CPU
		{DBDB88A9-1B09-418E-9E1B-27191A04C2F7}.Release|Any CPU.Build.0 = Release|Any CPU
		{339D5FC0-8B67-4062-A297-3E9E89790D54}.Debug|Any CPU.ActiveCfg = Debug|Any CPU
		{339D5FC0-8B67-4062-A297-3E9E89790D54}.Debug|Any CPU.Build.0 = Debug|Any CPU
		{339D5FC0-8B67-4062-A297-3E9E89790D54}.Release|Any CPU.ActiveCfg = Release|Any CPU
		{339D5FC0-8B67-4062-A297-3E9E89790D54}.Release|Any CPU.Build.0 = Release|Any CPU
		{F7378488-A6B4-43E7-81E9-8BAF71FA1794}.Debug|Any CPU.ActiveCfg = Debug|Any CPU
		{F7378488-A6B4-43E7-81E9-8BAF71FA1794}.Debug|Any CPU.Build.0 = Debug|Any CPU
		{F7378488-A6B4-43E7-81E9-8BAF71FA1794}.Release|Any CPU.ActiveCfg = Release|Any CPU
		{F7378488-A6B4-43E7-81E9-8BAF71FA1794}.Release|Any CPU.Build.0 = Release|Any CPU
		{9D00EEB1-7923-4787-83F0-7A71E9BF9CD5}.Debug|Any CPU.ActiveCfg = Debug|Any CPU
		{9D00EEB1-7923-4787-83F0-7A71E9BF9CD5}.Debug|Any CPU.Build.0 = Debug|Any CPU
		{9D00EEB1-7923-4787-83F0-7A71E9BF9CD5}.Release|Any CPU.ActiveCfg = Release|Any CPU
		{9D00EEB1-7923-4787-83F0-7A71E9BF9CD5}.Release|Any CPU.Build.0 = Release|Any CPU
		{985B444E-06D1-4C1D-9597-20B568C88998}.Debug|Any CPU.ActiveCfg = Debug|Any CPU
		{985B444E-06D1-4C1D-9597-20B568C88998}.Debug|Any CPU.Build.0 = Debug|Any CPU
		{985B444E-06D1-4C1D-9597-20B568C88998}.Release|Any CPU.ActiveCfg = Release|Any CPU
		{985B444E-06D1-4C1D-9597-20B568C88998}.Release|Any CPU.Build.0 = Release|Any CPU
		{D9D0B929-B3BC-4959-987C-7726FCFA12C4}.Debug|Any CPU.ActiveCfg = Debug|Any CPU
		{D9D0B929-B3BC-4959-987C-7726FCFA12C4}.Debug|Any CPU.Build.0 = Debug|Any CPU
		{D9D0B929-B3BC-4959-987C-7726FCFA12C4}.Release|Any CPU.ActiveCfg = Release|Any CPU
		{D9D0B929-B3BC-4959-987C-7726FCFA12C4}.Release|Any CPU.Build.0 = Release|Any CPU
		{C85B7650-4B95-4EFB-BAF8-C3F6C9C5B0D9}.Debug|Any CPU.ActiveCfg = Debug|Any CPU
		{C85B7650-4B95-4EFB-BAF8-C3F6C9C5B0D9}.Debug|Any CPU.Build.0 = Debug|Any CPU
		{C85B7650-4B95-4EFB-BAF8-C3F6C9C5B0D9}.Release|Any CPU.ActiveCfg = Release|Any CPU
		{C85B7650-4B95-4EFB-BAF8-C3F6C9C5B0D9}.Release|Any CPU.Build.0 = Release|Any CPU
		{D8F923C8-EDDB-45DF-A76E-5C8B85BCF8C7}.Debug|Any CPU.ActiveCfg = Debug|Any CPU
		{D8F923C8-EDDB-45DF-A76E-5C8B85BCF8C7}.Debug|Any CPU.Build.0 = Debug|Any CPU
		{D8F923C8-EDDB-45DF-A76E-5C8B85BCF8C7}.Release|Any CPU.ActiveCfg = Release|Any CPU
		{D8F923C8-EDDB-45DF-A76E-5C8B85BCF8C7}.Release|Any CPU.Build.0 = Release|Any CPU
		{71783E5A-917A-4159-8D16-7338D859D804}.Debug|Any CPU.ActiveCfg = Debug|Any CPU
		{71783E5A-917A-4159-8D16-7338D859D804}.Debug|Any CPU.Build.0 = Debug|Any CPU
		{71783E5A-917A-4159-8D16-7338D859D804}.Release|Any CPU.ActiveCfg = Release|Any CPU
		{71783E5A-917A-4159-8D16-7338D859D804}.Release|Any CPU.Build.0 = Release|Any CPU
		{BA876A1B-3AB6-426F-B651-E144F3BDBD88}.Debug|Any CPU.ActiveCfg = Debug|Any CPU
		{BA876A1B-3AB6-426F-B651-E144F3BDBD88}.Debug|Any CPU.Build.0 = Debug|Any CPU
		{BA876A1B-3AB6-426F-B651-E144F3BDBD88}.Release|Any CPU.ActiveCfg = Release|Any CPU
		{BA876A1B-3AB6-426F-B651-E144F3BDBD88}.Release|Any CPU.Build.0 = Release|Any CPU
		{939448C5-819C-446F-95FD-8FB956C3A312}.Debug|Any CPU.ActiveCfg = Debug|Any CPU
		{939448C5-819C-446F-95FD-8FB956C3A312}.Debug|Any CPU.Build.0 = Debug|Any CPU
		{939448C5-819C-446F-95FD-8FB956C3A312}.Release|Any CPU.ActiveCfg = Release|Any CPU
		{939448C5-819C-446F-95FD-8FB956C3A312}.Release|Any CPU.Build.0 = Release|Any CPU
		{D5AA660B-51C6-4381-8742-307E25267C5B}.Debug|Any CPU.ActiveCfg = Debug|Any CPU
		{D5AA660B-51C6-4381-8742-307E25267C5B}.Debug|Any CPU.Build.0 = Debug|Any CPU
		{D5AA660B-51C6-4381-8742-307E25267C5B}.Release|Any CPU.ActiveCfg = Release|Any CPU
		{D5AA660B-51C6-4381-8742-307E25267C5B}.Release|Any CPU.Build.0 = Release|Any CPU
		{C3FDA6CC-318D-4DC8-B36C-82579AE2365F}.Debug|Any CPU.ActiveCfg = Debug|Any CPU
		{C3FDA6CC-318D-4DC8-B36C-82579AE2365F}.Debug|Any CPU.Build.0 = Debug|Any CPU
		{C3FDA6CC-318D-4DC8-B36C-82579AE2365F}.Release|Any CPU.ActiveCfg = Release|Any CPU
		{C3FDA6CC-318D-4DC8-B36C-82579AE2365F}.Release|Any CPU.Build.0 = Release|Any CPU
		{F7AC318B-EDC1-4684-9C65-8FE0315705A4}.Debug|Any CPU.ActiveCfg = Debug|Any CPU
		{F7AC318B-EDC1-4684-9C65-8FE0315705A4}.Debug|Any CPU.Build.0 = Debug|Any CPU
		{F7AC318B-EDC1-4684-9C65-8FE0315705A4}.Release|Any CPU.ActiveCfg = Release|Any CPU
		{F7AC318B-EDC1-4684-9C65-8FE0315705A4}.Release|Any CPU.Build.0 = Release|Any CPU
		{15FB58F6-4AC2-45A2-9300-CE48D8EA5FAF}.Debug|Any CPU.ActiveCfg = Debug|Any CPU
		{15FB58F6-4AC2-45A2-9300-CE48D8EA5FAF}.Debug|Any CPU.Build.0 = Debug|Any CPU
		{15FB58F6-4AC2-45A2-9300-CE48D8EA5FAF}.Release|Any CPU.ActiveCfg = Release|Any CPU
		{15FB58F6-4AC2-45A2-9300-CE48D8EA5FAF}.Release|Any CPU.Build.0 = Release|Any CPU
		{8F588BD5-EDCC-4DE3-9117-2E5C5ECD9A42}.Debug|Any CPU.ActiveCfg = Debug|Any CPU
		{8F588BD5-EDCC-4DE3-9117-2E5C5ECD9A42}.Debug|Any CPU.Build.0 = Debug|Any CPU
		{8F588BD5-EDCC-4DE3-9117-2E5C5ECD9A42}.Release|Any CPU.ActiveCfg = Release|Any CPU
		{8F588BD5-EDCC-4DE3-9117-2E5C5ECD9A42}.Release|Any CPU.Build.0 = Release|Any CPU
		{9F1812D8-05F0-44AD-9551-560723C30943}.Debug|Any CPU.ActiveCfg = Debug|Any CPU
		{9F1812D8-05F0-44AD-9551-560723C30943}.Debug|Any CPU.Build.0 = Debug|Any CPU
		{9F1812D8-05F0-44AD-9551-560723C30943}.Release|Any CPU.ActiveCfg = Release|Any CPU
		{9F1812D8-05F0-44AD-9551-560723C30943}.Release|Any CPU.Build.0 = Release|Any CPU
		{13347EF5-B9AC-41F2-B50B-D804D13BC3C5}.Debug|Any CPU.ActiveCfg = Debug|Any CPU
		{13347EF5-B9AC-41F2-B50B-D804D13BC3C5}.Debug|Any CPU.Build.0 = Debug|Any CPU
		{13347EF5-B9AC-41F2-B50B-D804D13BC3C5}.Release|Any CPU.ActiveCfg = Release|Any CPU
		{13347EF5-B9AC-41F2-B50B-D804D13BC3C5}.Release|Any CPU.Build.0 = Release|Any CPU
		{D72BBBD1-66C6-4208-80A8-3AB8CB28A70B}.Debug|Any CPU.ActiveCfg = Debug|Any CPU
		{D72BBBD1-66C6-4208-80A8-3AB8CB28A70B}.Debug|Any CPU.Build.0 = Debug|Any CPU
		{D72BBBD1-66C6-4208-80A8-3AB8CB28A70B}.Release|Any CPU.ActiveCfg = Release|Any CPU
		{D72BBBD1-66C6-4208-80A8-3AB8CB28A70B}.Release|Any CPU.Build.0 = Release|Any CPU
		{A545526E-E6FC-4C42-864C-9CE7923AC6C8}.Debug|Any CPU.ActiveCfg = Debug|Any CPU
		{A545526E-E6FC-4C42-864C-9CE7923AC6C8}.Debug|Any CPU.Build.0 = Debug|Any CPU
		{A545526E-E6FC-4C42-864C-9CE7923AC6C8}.Release|Any CPU.ActiveCfg = Release|Any CPU
		{A545526E-E6FC-4C42-864C-9CE7923AC6C8}.Release|Any CPU.Build.0 = Release|Any CPU
		{2DF775D9-0EC5-4D3A-89B9-E92BFF537DDA}.Debug|Any CPU.ActiveCfg = Debug|Any CPU
		{2DF775D9-0EC5-4D3A-89B9-E92BFF537DDA}.Debug|Any CPU.Build.0 = Debug|Any CPU
		{2DF775D9-0EC5-4D3A-89B9-E92BFF537DDA}.Release|Any CPU.ActiveCfg = Release|Any CPU
		{2DF775D9-0EC5-4D3A-89B9-E92BFF537DDA}.Release|Any CPU.Build.0 = Release|Any CPU
		{9923527A-53AD-4956-A4D7-9331DB5157F1}.Debug|Any CPU.ActiveCfg = Debug|Any CPU
		{9923527A-53AD-4956-A4D7-9331DB5157F1}.Debug|Any CPU.Build.0 = Debug|Any CPU
		{9923527A-53AD-4956-A4D7-9331DB5157F1}.Release|Any CPU.ActiveCfg = Release|Any CPU
		{9923527A-53AD-4956-A4D7-9331DB5157F1}.Release|Any CPU.Build.0 = Release|Any CPU
		{99489D9C-29CF-4476-9A99-E807A88EA4BC}.Debug|Any CPU.ActiveCfg = Debug|Any CPU
		{99489D9C-29CF-4476-9A99-E807A88EA4BC}.Debug|Any CPU.Build.0 = Debug|Any CPU
		{99489D9C-29CF-4476-9A99-E807A88EA4BC}.Release|Any CPU.ActiveCfg = Release|Any CPU
		{99489D9C-29CF-4476-9A99-E807A88EA4BC}.Release|Any CPU.Build.0 = Release|Any CPU
		{370C3C25-126D-4DB9-A99A-F3579D2F4DE8}.Debug|Any CPU.ActiveCfg = Debug|Any CPU
		{370C3C25-126D-4DB9-A99A-F3579D2F4DE8}.Debug|Any CPU.Build.0 = Debug|Any CPU
		{370C3C25-126D-4DB9-A99A-F3579D2F4DE8}.Release|Any CPU.ActiveCfg = Release|Any CPU
		{370C3C25-126D-4DB9-A99A-F3579D2F4DE8}.Release|Any CPU.Build.0 = Release|Any CPU
		{AB966F8B-C1D8-49BF-BD9A-E27FF55CA4A1}.Debug|Any CPU.ActiveCfg = Debug|Any CPU
		{AB966F8B-C1D8-49BF-BD9A-E27FF55CA4A1}.Debug|Any CPU.Build.0 = Debug|Any CPU
		{AB966F8B-C1D8-49BF-BD9A-E27FF55CA4A1}.Release|Any CPU.ActiveCfg = Release|Any CPU
		{AB966F8B-C1D8-49BF-BD9A-E27FF55CA4A1}.Release|Any CPU.Build.0 = Release|Any CPU
		{D072A788-6A89-4DAE-82C4-F5012B3B3ED0}.Debug|Any CPU.ActiveCfg = Debug|Any CPU
		{D072A788-6A89-4DAE-82C4-F5012B3B3ED0}.Debug|Any CPU.Build.0 = Debug|Any CPU
		{D072A788-6A89-4DAE-82C4-F5012B3B3ED0}.Release|Any CPU.ActiveCfg = Release|Any CPU
		{D072A788-6A89-4DAE-82C4-F5012B3B3ED0}.Release|Any CPU.Build.0 = Release|Any CPU
		{2D332CE8-B6CD-4B4F-9BA7-DCC41BD2F4C9}.Debug|Any CPU.ActiveCfg = Debug|Any CPU
		{2D332CE8-B6CD-4B4F-9BA7-DCC41BD2F4C9}.Debug|Any CPU.Build.0 = Debug|Any CPU
		{2D332CE8-B6CD-4B4F-9BA7-DCC41BD2F4C9}.Release|Any CPU.ActiveCfg = Release|Any CPU
		{2D332CE8-B6CD-4B4F-9BA7-DCC41BD2F4C9}.Release|Any CPU.Build.0 = Release|Any CPU
		{0FFF2EFA-BBEE-467A-979E-61C1EB1995D1}.Debug|Any CPU.ActiveCfg = Debug|Any CPU
		{0FFF2EFA-BBEE-467A-979E-61C1EB1995D1}.Debug|Any CPU.Build.0 = Debug|Any CPU
		{0FFF2EFA-BBEE-467A-979E-61C1EB1995D1}.Release|Any CPU.ActiveCfg = Release|Any CPU
		{0FFF2EFA-BBEE-467A-979E-61C1EB1995D1}.Release|Any CPU.Build.0 = Release|Any CPU
		{E66030F9-007A-485B-9BA8-0F2E63F7D4F1}.Debug|Any CPU.ActiveCfg = Debug|Any CPU
		{E66030F9-007A-485B-9BA8-0F2E63F7D4F1}.Debug|Any CPU.Build.0 = Debug|Any CPU
		{E66030F9-007A-485B-9BA8-0F2E63F7D4F1}.Release|Any CPU.ActiveCfg = Release|Any CPU
		{E66030F9-007A-485B-9BA8-0F2E63F7D4F1}.Release|Any CPU.Build.0 = Release|Any CPU
		{D98379AE-0762-4C25-907C-F8E6F6522C38}.Debug|Any CPU.ActiveCfg = Debug|Any CPU
		{D98379AE-0762-4C25-907C-F8E6F6522C38}.Debug|Any CPU.Build.0 = Debug|Any CPU
		{D98379AE-0762-4C25-907C-F8E6F6522C38}.Release|Any CPU.ActiveCfg = Release|Any CPU
		{D98379AE-0762-4C25-907C-F8E6F6522C38}.Release|Any CPU.Build.0 = Release|Any CPU
		{3060EBBB-DFC6-4445-B51E-DD28CF18D6A9}.Debug|Any CPU.ActiveCfg = Debug|Any CPU
		{3060EBBB-DFC6-4445-B51E-DD28CF18D6A9}.Debug|Any CPU.Build.0 = Debug|Any CPU
		{3060EBBB-DFC6-4445-B51E-DD28CF18D6A9}.Release|Any CPU.ActiveCfg = Release|Any CPU
		{3060EBBB-DFC6-4445-B51E-DD28CF18D6A9}.Release|Any CPU.Build.0 = Release|Any CPU
	EndGlobalSection
	GlobalSection(NestedProjects) = preSolution
		{52F0EF42-55C4-48C6-AC4A-3B8AEAADC5E7} = {B95A69CF-DC7A-45A4-AF08-9A53DAD0F1E7}
		{8F9952D8-FF3D-4B2C-A74D-5A750B4EAD56} = {52F0EF42-55C4-48C6-AC4A-3B8AEAADC5E7}
		{30C9D14A-C452-45B7-A497-133D3491AF57} = {52F0EF42-55C4-48C6-AC4A-3B8AEAADC5E7}
		{DBDB88A9-1B09-418E-9E1B-27191A04C2F7} = {52F0EF42-55C4-48C6-AC4A-3B8AEAADC5E7}
		{339D5FC0-8B67-4062-A297-3E9E89790D54} = {52F0EF42-55C4-48C6-AC4A-3B8AEAADC5E7}
		{62493CC9-F0C7-4D21-9AEB-598578020F94} = {B95A69CF-DC7A-45A4-AF08-9A53DAD0F1E7}
		{E6F40A09-3FBC-4B60-8760-981DF8DAAAC9} = {62493CC9-F0C7-4D21-9AEB-598578020F94}
		{F7378488-A6B4-43E7-81E9-8BAF71FA1794} = {E6F40A09-3FBC-4B60-8760-981DF8DAAAC9}
		{9D00EEB1-7923-4787-83F0-7A71E9BF9CD5} = {E6F40A09-3FBC-4B60-8760-981DF8DAAAC9}
		{2CD246F4-F99B-4F5B-B7CB-E670730BDBBF} = {62493CC9-F0C7-4D21-9AEB-598578020F94}
		{985B444E-06D1-4C1D-9597-20B568C88998} = {2CD246F4-F99B-4F5B-B7CB-E670730BDBBF}
		{D9D0B929-B3BC-4959-987C-7726FCFA12C4} = {52F0EF42-55C4-48C6-AC4A-3B8AEAADC5E7}
		{C85B7650-4B95-4EFB-BAF8-C3F6C9C5B0D9} = {52F0EF42-55C4-48C6-AC4A-3B8AEAADC5E7}
		{D8F923C8-EDDB-45DF-A76E-5C8B85BCF8C7} = {52F0EF42-55C4-48C6-AC4A-3B8AEAADC5E7}
		{E2F85665-A305-43DC-841E-A86B34DC246E} = {62493CC9-F0C7-4D21-9AEB-598578020F94}
		{EEE7370B-0ED3-4733-8191-81C44D970194} = {62493CC9-F0C7-4D21-9AEB-598578020F94}
		{F2D1EF77-7FCD-442B-81D1-66F72AD79204} = {B95A69CF-DC7A-45A4-AF08-9A53DAD0F1E7}
		{71783E5A-917A-4159-8D16-7338D859D804} = {E2F85665-A305-43DC-841E-A86B34DC246E}
		{BA876A1B-3AB6-426F-B651-E144F3BDBD88} = {E2F85665-A305-43DC-841E-A86B34DC246E}
		{939448C5-819C-446F-95FD-8FB956C3A312} = {EEE7370B-0ED3-4733-8191-81C44D970194}
		{D5AA660B-51C6-4381-8742-307E25267C5B} = {2CD246F4-F99B-4F5B-B7CB-E670730BDBBF}
		{C3FDA6CC-318D-4DC8-B36C-82579AE2365F} = {52F0EF42-55C4-48C6-AC4A-3B8AEAADC5E7}
		{F7AC318B-EDC1-4684-9C65-8FE0315705A4} = {52F0EF42-55C4-48C6-AC4A-3B8AEAADC5E7}
		{15FB58F6-4AC2-45A2-9300-CE48D8EA5FAF} = {52F0EF42-55C4-48C6-AC4A-3B8AEAADC5E7}
		{8F588BD5-EDCC-4DE3-9117-2E5C5ECD9A42} = {52F0EF42-55C4-48C6-AC4A-3B8AEAADC5E7}
		{9F1812D8-05F0-44AD-9551-560723C30943} = {52F0EF42-55C4-48C6-AC4A-3B8AEAADC5E7}
		{13347EF5-B9AC-41F2-B50B-D804D13BC3C5} = {52F0EF42-55C4-48C6-AC4A-3B8AEAADC5E7}
		{D72BBBD1-66C6-4208-80A8-3AB8CB28A70B} = {52F0EF42-55C4-48C6-AC4A-3B8AEAADC5E7}
		{B4F3C667-4FA0-4BD7-8B34-8B2B1541F248} = {B95A69CF-DC7A-45A4-AF08-9A53DAD0F1E7}
		{A545526E-E6FC-4C42-864C-9CE7923AC6C8} = {B4F3C667-4FA0-4BD7-8B34-8B2B1541F248}
		{2DF775D9-0EC5-4D3A-89B9-E92BFF537DDA} = {F2D1EF77-7FCD-442B-81D1-66F72AD79204}
		{9923527A-53AD-4956-A4D7-9331DB5157F1} = {52F0EF42-55C4-48C6-AC4A-3B8AEAADC5E7}
		{99489D9C-29CF-4476-9A99-E807A88EA4BC} = {2CD246F4-F99B-4F5B-B7CB-E670730BDBBF}
		{85C98671-6F45-45E3-927E-C452FD3A710A} = {62493CC9-F0C7-4D21-9AEB-598578020F94}
		{370C3C25-126D-4DB9-A99A-F3579D2F4DE8} = {85C98671-6F45-45E3-927E-C452FD3A710A}
		{AB966F8B-C1D8-49BF-BD9A-E27FF55CA4A1} = {2CD246F4-F99B-4F5B-B7CB-E670730BDBBF}
		{D072A788-6A89-4DAE-82C4-F5012B3B3ED0} = {2CD246F4-F99B-4F5B-B7CB-E670730BDBBF}
		{2D332CE8-B6CD-4B4F-9BA7-DCC41BD2F4C9} = {2CD246F4-F99B-4F5B-B7CB-E670730BDBBF}
		{0FFF2EFA-BBEE-467A-979E-61C1EB1995D1} = {E2F85665-A305-43DC-841E-A86B34DC246E}
		{E66030F9-007A-485B-9BA8-0F2E63F7D4F1} = {E2F85665-A305-43DC-841E-A86B34DC246E}
		{D98379AE-0762-4C25-907C-F8E6F6522C38} = {E2F85665-A305-43DC-841E-A86B34DC246E}
		{3060EBBB-DFC6-4445-B51E-DD28CF18D6A9} = {E6F40A09-3FBC-4B60-8760-981DF8DAAAC9}
	EndGlobalSection
EndGlobal
